
Microsoft Visual Studio Solution File, Format Version 12.00
# Visual Studio Version 16
VisualStudioVersion = 16.0.30907.101
MinimumVisualStudioVersion = 10.0.40219.1
Project("{9A19103F-16F7-4668-BE54-9A1E7A4F7556}") = "Entities", "Entities\Entities.csproj", "{1537871A-E652-47E3-A200-258BA3CF7107}"
EndProject
Project("{9A19103F-16F7-4668-BE54-9A1E7A4F7556}") = "DataAccess", "DataAccess\DataAccess.csproj", "{EDD177B8-AABD-4D76-AAE5-1F52A1D9BF44}"
EndProject
Project("{9A19103F-16F7-4668-BE54-9A1E7A4F7556}") = "Core", "Core\Core.csproj", "{7BA33261-07FD-4BAB-B553-8C7BBBD31084}"
EndProject
Project("{9A19103F-16F7-4668-BE54-9A1E7A4F7556}") = "Business", "Business\Business.csproj", "{AC6A8C06-6678-4469-B8B7-09012B94CFBC}"
EndProject
Project("{9A19103F-16F7-4668-BE54-9A1E7A4F7556}") = "ConsoleUI", "ConsoleUI\ConsoleUI.csproj", "{06D000F9-3513-4031-A50E-2ED82830E915}"
EndProject
Project("{FAE04EC0-301F-11D3-BF4B-00C04F79EFBC}") = "WebAPI", "WebAPI\WebAPI.csproj", "{A0EF02ED-EE63-4056-B2B6-FC515167B01C}"
EndProject
Global
	GlobalSection(SolutionConfigurationPlatforms) = preSolution
		Debug|Any CPU = Debug|Any CPU
		Release|Any CPU = Release|Any CPU
	EndGlobalSection
	GlobalSection(ProjectConfigurationPlatforms) = postSolution
		{1537871A-E652-47E3-A200-258BA3CF7107}.Debug|Any CPU.ActiveCfg = Debug|Any CPU
		{1537871A-E652-47E3-A200-258BA3CF7107}.Debug|Any CPU.Build.0 = Debug|Any CPU
		{1537871A-E652-47E3-A200-258BA3CF7107}.Release|Any CPU.ActiveCfg = Release|Any CPU
		{1537871A-E652-47E3-A200-258BA3CF7107}.Release|Any CPU.Build.0 = Release|Any CPU
		{EDD177B8-AABD-4D76-AAE5-1F52A1D9BF44}.Debug|Any CPU.ActiveCfg = Debug|Any CPU
		{EDD177B8-AABD-4D76-AAE5-1F52A1D9BF44}.Debug|Any CPU.Build.0 = Debug|Any CPU
		{EDD177B8-AABD-4D76-AAE5-1F52A1D9BF44}.Release|Any CPU.ActiveCfg = Release|Any CPU
		{EDD177B8-AABD-4D76-AAE5-1F52A1D9BF44}.Release|Any CPU.Build.0 = Release|Any CPU
		{7BA33261-07FD-4BAB-B553-8C7BBBD31084}.Debug|Any CPU.ActiveCfg = Debug|Any CPU
		{7BA33261-07FD-4BAB-B553-8C7BBBD31084}.Debug|Any CPU.Build.0 = Debug|Any CPU
		{7BA33261-07FD-4BAB-B553-8C7BBBD31084}.Release|Any CPU.ActiveCfg = Release|Any CPU
		{7BA33261-07FD-4BAB-B553-8C7BBBD31084}.Release|Any CPU.Build.0 = Release|Any CPU
		{AC6A8C06-6678-4469-B8B7-09012B94CFBC}.Debug|Any CPU.ActiveCfg = Debug|Any CPU
		{AC6A8C06-6678-4469-B8B7-09012B94CFBC}.Debug|Any CPU.Build.0 = Debug|Any CPU
		{AC6A8C06-6678-4469-B8B7-09012B94CFBC}.Release|Any CPU.ActiveCfg = Release|Any CPU
		{AC6A8C06-6678-4469-B8B7-09012B94CFBC}.Release|Any CPU.Build.0 = Release|Any CPU
		{06D000F9-3513-4031-A50E-2ED82830E915}.Debug|Any CPU.ActiveCfg = Debug|Any CPU
		{06D000F9-3513-4031-A50E-2ED82830E915}.Debug|Any CPU.Build.0 = Debug|Any CPU
		{06D000F9-3513-4031-A50E-2ED82830E915}.Release|Any CPU.ActiveCfg = Release|Any CPU
		{06D000F9-3513-4031-A50E-2ED82830E915}.Release|Any CPU.Build.0 = Release|Any CPU
		{A0EF02ED-EE63-4056-B2B6-FC515167B01C}.Debug|Any CPU.ActiveCfg = Debug|Any CPU
		{A0EF02ED-EE63-4056-B2B6-FC515167B01C}.Debug|Any CPU.Build.0 = Debug|Any CPU
		{A0EF02ED-EE63-4056-B2B6-FC515167B01C}.Release|Any CPU.ActiveCfg = Release|Any CPU
		{A0EF02ED-EE63-4056-B2B6-FC515167B01C}.Release|Any CPU.Build.0 = Release|Any CPU
	EndGlobalSection
	GlobalSection(SolutionProperties) = preSolution
		HideSolutionNode = FALSE
	EndGlobalSection
	GlobalSection(ExtensibilityGlobals) = postSolution
		SolutionGuid = {E0200D1B-42D2-4992-BE05-004557DBE438}
	EndGlobalSection
EndGlobal
